
Microsoft Visual Studio Solution File, Format Version 12.00
# Visual Studio 14
VisualStudioVersion = 14.0.23107.0
MinimumVisualStudioVersion = 10.0.40219.1
Project("{FAE04EC0-301F-11D3-BF4B-00C04F79EFBC}") = "Writing to file", "Writing to file\Writing to file.csproj", "{5127625F-7E5D-4A5C-BAA0-197C08B435DF}"
EndProject
Global
	GlobalSection(SolutionConfigurationPlatforms) = preSolution
		Debug|Any CPU = Debug|Any CPU
		Release|Any CPU = Release|Any CPU
	EndGlobalSection
	GlobalSection(ProjectConfigurationPlatforms) = postSolution
		{5127625F-7E5D-4A5C-BAA0-197C08B435DF}.Debug|Any CPU.ActiveCfg = Debug|Any CPU
		{5127625F-7E5D-4A5C-BAA0-197C08B435DF}.Debug|Any CPU.Build.0 = Debug|Any CPU
		{5127625F-7E5D-4A5C-BAA0-197C08B435DF}.Release|Any CPU.ActiveCfg = Release|Any CPU
		{5127625F-7E5D-4A5C-BAA0-197C08B435DF}.Release|Any CPU.Build.0 = Release|Any CPU
	EndGlobalSection
	GlobalSection(SolutionProperties) = preSolution
		HideSolutionNode = FALSE
	EndGlobalSection
EndGlobal
